
Microsoft Visual Studio Solution File, Format Version 12.00
# Visual Studio Version 17
VisualStudioVersion = 17.2.32616.157
MinimumVisualStudioVersion = 10.0.40219.1
Project("{FAE04EC0-301F-11D3-BF4B-00C04F79EFBC}") = "Miniprojekti", "Miniprojekti\Miniprojekti.csproj", "{E4A3E275-112E-4D7D-BC4F-E8A3472069F8}"
EndProject
Global
	GlobalSection(SolutionConfigurationPlatforms) = preSolution
		Debug|Any CPU = Debug|Any CPU
		Release|Any CPU = Release|Any CPU
	EndGlobalSection
	GlobalSection(ProjectConfigurationPlatforms) = postSolution
		{E4A3E275-112E-4D7D-BC4F-E8A3472069F8}.Debug|Any CPU.ActiveCfg = Debug|Any CPU
		{E4A3E275-112E-4D7D-BC4F-E8A3472069F8}.Debug|Any CPU.Build.0 = Debug|Any CPU
		{E4A3E275-112E-4D7D-BC4F-E8A3472069F8}.Release|Any CPU.ActiveCfg = Release|Any CPU
		{E4A3E275-112E-4D7D-BC4F-E8A3472069F8}.Release|Any CPU.Build.0 = Release|Any CPU
	EndGlobalSection
	GlobalSection(SolutionProperties) = preSolution
		HideSolutionNode = FALSE
	EndGlobalSection
	GlobalSection(ExtensibilityGlobals) = postSolution
		SolutionGuid = {81E5BE4F-E6C2-48AF-863A-6163C5E886DC}
	EndGlobalSection
EndGlobal
