
Microsoft Visual Studio Solution File, Format Version 12.00
# Visual Studio Version 17
VisualStudioVersion = 17.2.32616.157
MinimumVisualStudioVersion = 10.0.40219.1
Project("{FAE04EC0-301F-11D3-BF4B-00C04F79EFBC}") = "LlogaritPagen", "LlogaritPagen\LlogaritPagen.csproj", "{337671C0-6732-427C-9B0F-B967F7991E93}"
EndProject
Global
	GlobalSection(SolutionConfigurationPlatforms) = preSolution
		Debug|Any CPU = Debug|Any CPU
		Release|Any CPU = Release|Any CPU
	EndGlobalSection
	GlobalSection(ProjectConfigurationPlatforms) = postSolution
		{337671C0-6732-427C-9B0F-B967F7991E93}.Debug|Any CPU.ActiveCfg = Debug|Any CPU
		{337671C0-6732-427C-9B0F-B967F7991E93}.Debug|Any CPU.Build.0 = Debug|Any CPU
		{337671C0-6732-427C-9B0F-B967F7991E93}.Release|Any CPU.ActiveCfg = Release|Any CPU
		{337671C0-6732-427C-9B0F-B967F7991E93}.Release|Any CPU.Build.0 = Release|Any CPU
	EndGlobalSection
	GlobalSection(SolutionProperties) = preSolution
		HideSolutionNode = FALSE
	EndGlobalSection
	GlobalSection(ExtensibilityGlobals) = postSolution
		SolutionGuid = {BA05896A-F513-4F68-95A8-A56C56096FC0}
	EndGlobalSection
EndGlobal
